
Microsoft Visual Studio Solution File, Format Version 12.00
# Visual Studio Version 16
VisualStudioVersion = 16.0.31702.278
MinimumVisualStudioVersion = 10.0.40219.1
Project("{FAE04EC0-301F-11D3-BF4B-00C04F79EFBC}") = "WpfComputerServiceApp", "WpfComputerServiceApp\WpfComputerServiceApp.csproj", "{E8700739-D224-4893-ABC2-9A177FFE9424}"
EndProject
Global
	GlobalSection(SolutionConfigurationPlatforms) = preSolution
		Debug|Any CPU = Debug|Any CPU
		Release|Any CPU = Release|Any CPU
	EndGlobalSection
	GlobalSection(ProjectConfigurationPlatforms) = postSolution
		{E8700739-D224-4893-ABC2-9A177FFE9424}.Debug|Any CPU.ActiveCfg = Debug|Any CPU
		{E8700739-D224-4893-ABC2-9A177FFE9424}.Debug|Any CPU.Build.0 = Debug|Any CPU
		{E8700739-D224-4893-ABC2-9A177FFE9424}.Release|Any CPU.ActiveCfg = Release|Any CPU
		{E8700739-D224-4893-ABC2-9A177FFE9424}.Release|Any CPU.Build.0 = Release|Any CPU
	EndGlobalSection
	GlobalSection(SolutionProperties) = preSolution
		HideSolutionNode = FALSE
	EndGlobalSection
	GlobalSection(ExtensibilityGlobals) = postSolution
		SolutionGuid = {4AB35A7C-3781-47ED-BF00-516A86187F97}
	EndGlobalSection
EndGlobal
